// !$*UTF8*$!
{
	archiveVersion = 1;
	classes = {
	};
	objectVersion = 46;
	objects = {

/* Begin PBXBuildFile section */
		461BB4F41C5990A20044B714 /* main.m in Sources */ = {isa = PBXBuildFile; fileRef = 461BB4F31C5990A20044B714 /* main.m */; };
		461BB4F71C5990A20044B714 /* AppDelegate.m in Sources */ = {isa = PBXBuildFile; fileRef = 461BB4F61C5990A20044B714 /* AppDelegate.m */; };
		461BB4FA1C5990A20044B714 /* ViewController.m in Sources */ = {isa = PBXBuildFile; fileRef = 461BB4F91C5990A20044B714 /* ViewController.m */; };
		461BB4FD1C5990A20044B714 /* Main.storyboard in Resources */ = {isa = PBXBuildFile; fileRef = 461BB4FB1C5990A20044B714 /* Main.storyboard */; };
		461BB4FF1C5990A20044B714 /* Assets.xcassets in Resources */ = {isa = PBXBuildFile; fileRef = 461BB4FE1C5990A20044B714 /* Assets.xcassets */; };
		461BB5021C5990A20044B714 /* LaunchScreen.storyboard in Resources */ = {isa = PBXBuildFile; fileRef = 461BB5001C5990A20044B714 /* LaunchScreen.storyboard */; };
		461BB50D1C5990EA0044B714 /* SRASugarCRMOauthToken.m in Sources */ = {isa = PBXBuildFile; fileRef = 461BB50C1C5990EA0044B714 /* SRASugarCRMOauthToken.m */; };
		461BB5101C5990F10044B714 /* SRASugarCRMRemoteService.m in Sources */ = {isa = PBXBuildFile; fileRef = 461BB50F1C5990F10044B714 /* SRASugarCRMRemoteService.m */; };
		464D44DA1C76C5DD0011BDBE /* SRASugarCRMRemoteService_NSURLConnection.m in Sources */ = {isa = PBXBuildFile; fileRef = 464D44D91C76C5DD0011BDBE /* SRASugarCRMRemoteService_NSURLConnection.m */; };
		464D44E21C76E4130011BDBE /* NSArray+Enumerable.m in Sources */ = {isa = PBXBuildFile; fileRef = 464D44E11C76E4130011BDBE /* NSArray+Enumerable.m */; };
		464D44E51C76EB150011BDBE /* SRASugarCRMRemoteService_NSURLConnection_Request.m in Sources */ = {isa = PBXBuildFile; fileRef = 464D44E41C76EB150011BDBE /* SRASugarCRMRemoteService_NSURLConnection_Request.m */; };
		464D44ED1C784DF90011BDBE /* SugarCRMRemoteAppTests.m in Sources */ = {isa = PBXBuildFile; fileRef = 464D44EC1C784DF90011BDBE /* SugarCRMRemoteAppTests.m */; };
		464D44F51C7972C00011BDBE /* sugarcrm.png in Resources */ = {isa = PBXBuildFile; fileRef = 464D44F41C7972C00011BDBE /* sugarcrm.png */; };
		464D44F81C7979F10011BDBE /* SRASugarCRMRemoteAuthenticationViewController.m in Sources */ = {isa = PBXBuildFile; fileRef = 464D44F71C7979F10011BDBE /* SRASugarCRMRemoteAuthenticationViewController.m */; };
/* End PBXBuildFile section */

/* Begin PBXContainerItemProxy section */
		464D44EF1C784DF90011BDBE /* PBXContainerItemProxy */ = {
			isa = PBXContainerItemProxy;
			containerPortal = 461BB4E71C5990A20044B714 /* Project object */;
			proxyType = 1;
			remoteGlobalIDString = 461BB4EE1C5990A20044B714;
			remoteInfo = SugarCRMRemoteApp;
		};
/* End PBXContainerItemProxy section */

/* Begin PBXFileReference section */
		461BB4EF1C5990A20044B714 /* SugarCRMRemoteApp.app */ = {isa = PBXFileReference; explicitFileType = wrapper.application; includeInIndex = 0; path = SugarCRMRemoteApp.app; sourceTree = BUILT_PRODUCTS_DIR; };
		461BB4F31C5990A20044B714 /* main.m */ = {isa = PBXFileReference; lastKnownFileType = sourcecode.c.objc; path = main.m; sourceTree = "<group>"; };
		461BB4F51C5990A20044B714 /* AppDelegate.h */ = {isa = PBXFileReference; lastKnownFileType = sourcecode.c.h; path = AppDelegate.h; sourceTree = "<group>"; };
		461BB4F61C5990A20044B714 /* AppDelegate.m */ = {isa = PBXFileReference; lastKnownFileType = sourcecode.c.objc; path = AppDelegate.m; sourceTree = "<group>"; };
		461BB4F81C5990A20044B714 /* ViewController.h */ = {isa = PBXFileReference; lastKnownFileType = sourcecode.c.h; path = ViewController.h; sourceTree = "<group>"; };
		461BB4F91C5990A20044B714 /* ViewController.m */ = {isa = PBXFileReference; lastKnownFileType = sourcecode.c.objc; path = ViewController.m; sourceTree = "<group>"; };
		461BB4FC1C5990A20044B714 /* Base */ = {isa = PBXFileReference; lastKnownFileType = file.storyboard; name = Base; path = Base.lproj/Main.storyboard; sourceTree = "<group>"; };
		461BB4FE1C5990A20044B714 /* Assets.xcassets */ = {isa = PBXFileReference; lastKnownFileType = folder.assetcatalog; path = Assets.xcassets; sourceTree = "<group>"; };
		461BB5011C5990A20044B714 /* Base */ = {isa = PBXFileReference; lastKnownFileType = file.storyboard; name = Base; path = Base.lproj/LaunchScreen.storyboard; sourceTree = "<group>"; };
		461BB5031C5990A20044B714 /* Info.plist */ = {isa = PBXFileReference; lastKnownFileType = text.plist.xml; path = Info.plist; sourceTree = "<group>"; };
		461BB50B1C5990EA0044B714 /* SRASugarCRMOauthToken.h */ = {isa = PBXFileReference; fileEncoding = 4; lastKnownFileType = sourcecode.c.h; path = SRASugarCRMOauthToken.h; sourceTree = "<group>"; };
		461BB50C1C5990EA0044B714 /* SRASugarCRMOauthToken.m */ = {isa = PBXFileReference; fileEncoding = 4; lastKnownFileType = sourcecode.c.objc; path = SRASugarCRMOauthToken.m; sourceTree = "<group>"; };
		461BB50E1C5990F10044B714 /* SRASugarCRMRemoteService.h */ = {isa = PBXFileReference; fileEncoding = 4; lastKnownFileType = sourcecode.c.h; path = SRASugarCRMRemoteService.h; sourceTree = "<group>"; };
		461BB50F1C5990F10044B714 /* SRASugarCRMRemoteService.m */ = {isa = PBXFileReference; fileEncoding = 4; lastKnownFileType = sourcecode.c.objc; path = SRASugarCRMRemoteService.m; sourceTree = "<group>"; };
		461BB5121C603E180044B714 /* SRASerializable.h */ = {isa = PBXFileReference; fileEncoding = 4; lastKnownFileType = sourcecode.c.h; path = SRASerializable.h; sourceTree = "<group>"; };
		464D44D81C76C5DD0011BDBE /* SRASugarCRMRemoteService_NSURLConnection.h */ = {isa = PBXFileReference; fileEncoding = 4; lastKnownFileType = sourcecode.c.h; path = SRASugarCRMRemoteService_NSURLConnection.h; sourceTree = "<group>"; };
		464D44D91C76C5DD0011BDBE /* SRASugarCRMRemoteService_NSURLConnection.m */ = {isa = PBXFileReference; fileEncoding = 4; lastKnownFileType = sourcecode.c.objc; path = SRASugarCRMRemoteService_NSURLConnection.m; sourceTree = "<group>"; };
		464D44DC1C76D7090011BDBE /* SRASugarCRMRemoteService_SubClassMethods.h */ = {isa = PBXFileReference; fileEncoding = 4; lastKnownFileType = sourcecode.c.h; path = SRASugarCRMRemoteService_SubClassMethods.h; sourceTree = "<group>"; };
		464D44E01C76E4130011BDBE /* NSArray+Enumerable.h */ = {isa = PBXFileReference; fileEncoding = 4; lastKnownFileType = sourcecode.c.h; path = "NSArray+Enumerable.h"; sourceTree = "<group>"; };
		464D44E11C76E4130011BDBE /* NSArray+Enumerable.m */ = {isa = PBXFileReference; fileEncoding = 4; lastKnownFileType = sourcecode.c.objc; path = "NSArray+Enumerable.m"; sourceTree = "<group>"; };
		464D44E31C76EB150011BDBE /* SRASugarCRMRemoteService_NSURLConnection_Request.h */ = {isa = PBXFileReference; fileEncoding = 4; lastKnownFileType = sourcecode.c.h; path = SRASugarCRMRemoteService_NSURLConnection_Request.h; sourceTree = "<group>"; };
		464D44E41C76EB150011BDBE /* SRASugarCRMRemoteService_NSURLConnection_Request.m */ = {isa = PBXFileReference; fileEncoding = 4; lastKnownFileType = sourcecode.c.objc; path = SRASugarCRMRemoteService_NSURLConnection_Request.m; sourceTree = "<group>"; };
		464D44EA1C784DF90011BDBE /* SugarCRMRemoteAppTests.xctest */ = {isa = PBXFileReference; explicitFileType = wrapper.cfbundle; includeInIndex = 0; path = SugarCRMRemoteAppTests.xctest; sourceTree = BUILT_PRODUCTS_DIR; };
		464D44EC1C784DF90011BDBE /* SugarCRMRemoteAppTests.m */ = {isa = PBXFileReference; lastKnownFileType = sourcecode.c.objc; path = SugarCRMRemoteAppTests.m; sourceTree = "<group>"; };
		464D44EE1C784DF90011BDBE /* Info.plist */ = {isa = PBXFileReference; lastKnownFileType = text.plist.xml; path = Info.plist; sourceTree = "<group>"; };
		464D44F41C7972C00011BDBE /* sugarcrm.png */ = {isa = PBXFileReference; lastKnownFileType = image.png; path = sugarcrm.png; sourceTree = "<group>"; };
		464D44F61C7979F10011BDBE /* SRASugarCRMRemoteAuthenticationViewController.h */ = {isa = PBXFileReference; fileEncoding = 4; lastKnownFileType = sourcecode.c.h; path = SRASugarCRMRemoteAuthenticationViewController.h; sourceTree = "<group>"; };
		464D44F71C7979F10011BDBE /* SRASugarCRMRemoteAuthenticationViewController.m */ = {isa = PBXFileReference; fileEncoding = 4; lastKnownFileType = sourcecode.c.objc; path = SRASugarCRMRemoteAuthenticationViewController.m; sourceTree = "<group>"; };
/* End PBXFileReference section */

/* Begin PBXFrameworksBuildPhase section */
		461BB4EC1C5990A20044B714 /* Frameworks */ = {
			isa = PBXFrameworksBuildPhase;
			buildActionMask = 2147483647;
			files = (
			);
			runOnlyForDeploymentPostprocessing = 0;
		};
		464D44E71C784DF90011BDBE /* Frameworks */ = {
			isa = PBXFrameworksBuildPhase;
			buildActionMask = 2147483647;
			files = (
			);
			runOnlyForDeploymentPostprocessing = 0;
		};
/* End PBXFrameworksBuildPhase section */

/* Begin PBXGroup section */
		461BB4E61C5990A20044B714 = {
			isa = PBXGroup;
			children = (
				461BB4F11C5990A20044B714 /* SugarCRMRemoteApp */,
				464D44EB1C784DF90011BDBE /* SugarCRMRemoteAppTests */,
				461BB4F01C5990A20044B714 /* Products */,
			);
			sourceTree = "<group>";
		};
		461BB4F01C5990A20044B714 /* Products */ = {
			isa = PBXGroup;
			children = (
				461BB4EF1C5990A20044B714 /* SugarCRMRemoteApp.app */,
				464D44EA1C784DF90011BDBE /* SugarCRMRemoteAppTests.xctest */,
			);
			name = Products;
			sourceTree = "<group>";
		};
		461BB4F11C5990A20044B714 /* SugarCRMRemoteApp */ = {
			isa = PBXGroup;
			children = (
				461BB4F51C5990A20044B714 /* AppDelegate.h */,
				461BB4F61C5990A20044B714 /* AppDelegate.m */,
				461BB4FB1C5990A20044B714 /* Main.storyboard */,
				464D44DF1C76E3C50011BDBE /* categories */,
				461BB5111C6036420044B714 /* ViewControllers */,
				461BB5091C5990C40044B714 /* Models */,
				461BB50A1C5990D00044B714 /* Services */,
				461BB4FE1C5990A20044B714 /* Assets.xcassets */,
				461BB5001C5990A20044B714 /* LaunchScreen.storyboard */,
				461BB5031C5990A20044B714 /* Info.plist */,
				461BB4F21C5990A20044B714 /* Supporting Files */,
			);
			path = SugarCRMRemoteApp;
			sourceTree = "<group>";
		};
		461BB4F21C5990A20044B714 /* Supporting Files */ = {
			isa = PBXGroup;
			children = (
				464D44F41C7972C00011BDBE /* sugarcrm.png */,
				461BB4F31C5990A20044B714 /* main.m */,
			);
			name = "Supporting Files";
			sourceTree = "<group>";
		};
		461BB5091C5990C40044B714 /* Models */ = {
			isa = PBXGroup;
			children = (
				461BB50B1C5990EA0044B714 /* SRASugarCRMOauthToken.h */,
				461BB50C1C5990EA0044B714 /* SRASugarCRMOauthToken.m */,
				461BB5121C603E180044B714 /* SRASerializable.h */,
			);
			name = Models;
			sourceTree = "<group>";
		};
		461BB50A1C5990D00044B714 /* Services */ = {
			isa = PBXGroup;
			children = (
				461BB50E1C5990F10044B714 /* SRASugarCRMRemoteService.h */,
				461BB50F1C5990F10044B714 /* SRASugarCRMRemoteService.m */,
				464D44DC1C76D7090011BDBE /* SRASugarCRMRemoteService_SubClassMethods.h */,
				464D44D81C76C5DD0011BDBE /* SRASugarCRMRemoteService_NSURLConnection.h */,
				464D44D91C76C5DD0011BDBE /* SRASugarCRMRemoteService_NSURLConnection.m */,
				464D44E31C76EB150011BDBE /* SRASugarCRMRemoteService_NSURLConnection_Request.h */,
				464D44E41C76EB150011BDBE /* SRASugarCRMRemoteService_NSURLConnection_Request.m */,
			);
			name = Services;
			sourceTree = "<group>";
		};
		461BB5111C6036420044B714 /* ViewControllers */ = {
			isa = PBXGroup;
			children = (
				461BB4F81C5990A20044B714 /* ViewController.h */,
				461BB4F91C5990A20044B714 /* ViewController.m */,
				464D44F61C7979F10011BDBE /* SRASugarCRMRemoteAuthenticationViewController.h */,
				464D44F71C7979F10011BDBE /* SRASugarCRMRemoteAuthenticationViewController.m */,
			);
			name = ViewControllers;
			sourceTree = "<group>";
		};
		464D44DF1C76E3C50011BDBE /* categories */ = {
			isa = PBXGroup;
			children = (
				464D44E01C76E4130011BDBE /* NSArray+Enumerable.h */,
				464D44E11C76E4130011BDBE /* NSArray+Enumerable.m */,
			);
			name = categories;
			path = ..;
			sourceTree = "<group>";
		};
		464D44EB1C784DF90011BDBE /* SugarCRMRemoteAppTests */ = {
			isa = PBXGroup;
			children = (
				464D44EC1C784DF90011BDBE /* SugarCRMRemoteAppTests.m */,
				464D44EE1C784DF90011BDBE /* Info.plist */,
			);
			path = SugarCRMRemoteAppTests;
			sourceTree = "<group>";
		};
/* End PBXGroup section */

/* Begin PBXNativeTarget section */
		461BB4EE1C5990A20044B714 /* SugarCRMRemoteApp */ = {
			isa = PBXNativeTarget;
			buildConfigurationList = 461BB5061C5990A20044B714 /* Build configuration list for PBXNativeTarget "SugarCRMRemoteApp" */;
			buildPhases = (
				461BB4EB1C5990A20044B714 /* Sources */,
				461BB4EC1C5990A20044B714 /* Frameworks */,
				461BB4ED1C5990A20044B714 /* Resources */,
			);
			buildRules = (
			);
			dependencies = (
			);
			name = SugarCRMRemoteApp;
			productName = SugarCRMRemoteApp;
			productReference = 461BB4EF1C5990A20044B714 /* SugarCRMRemoteApp.app */;
			productType = "com.apple.product-type.application";
		};
		464D44E91C784DF90011BDBE /* SugarCRMRemoteAppTests */ = {
			isa = PBXNativeTarget;
			buildConfigurationList = 464D44F11C784DF90011BDBE /* Build configuration list for PBXNativeTarget "SugarCRMRemoteAppTests" */;
			buildPhases = (
				464D44E61C784DF90011BDBE /* Sources */,
				464D44E71C784DF90011BDBE /* Frameworks */,
				464D44E81C784DF90011BDBE /* Resources */,
			);
			buildRules = (
			);
			dependencies = (
				464D44F01C784DF90011BDBE /* PBXTargetDependency */,
			);
			name = SugarCRMRemoteAppTests;
			productName = SugarCRMRemoteAppTests;
			productReference = 464D44EA1C784DF90011BDBE /* SugarCRMRemoteAppTests.xctest */;
			productType = "com.apple.product-type.bundle.unit-test";
		};
/* End PBXNativeTarget section */

/* Begin PBXProject section */
		461BB4E71C5990A20044B714 /* Project object */ = {
			isa = PBXProject;
			attributes = {
				LastUpgradeCheck = 0720;
				ORGANIZATIONNAME = "Enrique Ortega Cardoso";
				TargetAttributes = {
					461BB4EE1C5990A20044B714 = {
						CreatedOnToolsVersion = 7.2;
					};
					464D44E91C784DF90011BDBE = {
						CreatedOnToolsVersion = 7.2.1;
						TestTargetID = 461BB4EE1C5990A20044B714;
					};
				};
			};
			buildConfigurationList = 461BB4EA1C5990A20044B714 /* Build configuration list for PBXProject "SugarCRMRemoteApp" */;
			compatibilityVersion = "Xcode 3.2";
			developmentRegion = English;
			hasScannedForEncodings = 0;
			knownRegions = (
				en,
				Base,
			);
			mainGroup = 461BB4E61C5990A20044B714;
			productRefGroup = 461BB4F01C5990A20044B714 /* Products */;
			projectDirPath = "";
			projectRoot = "";
			targets = (
				461BB4EE1C5990A20044B714 /* SugarCRMRemoteApp */,
				464D44E91C784DF90011BDBE /* SugarCRMRemoteAppTests */,
			);
		};
/* End PBXProject section */

/* Begin PBXResourcesBuildPhase section */
		461BB4ED1C5990A20044B714 /* Resources */ = {
			isa = PBXResourcesBuildPhase;
			buildActionMask = 2147483647;
			files = (
				461BB5021C5990A20044B714 /* LaunchScreen.storyboard in Resources */,
				461BB4FF1C5990A20044B714 /* Assets.xcassets in Resources */,
				461BB4FD1C5990A20044B714 /* Main.storyboard in Resources */,
				464D44F51C7972C00011BDBE /* sugarcrm.png in Resources */,
			);
			runOnlyForDeploymentPostprocessing = 0;
		};
		464D44E81C784DF90011BDBE /* Resources */ = {
			isa = PBXResourcesBuildPhase;
			buildActionMask = 2147483647;
			files = (
			);
			runOnlyForDeploymentPostprocessing = 0;
		};
/* End PBXResourcesBuildPhase section */

/* Begin PBXSourcesBuildPhase section */
		461BB4EB1C5990A20044B714 /* Sources */ = {
			isa = PBXSourcesBuildPhase;
			buildActionMask = 2147483647;
			files = (
				461BB4FA1C5990A20044B714 /* ViewController.m in Sources */,
				464D44E21C76E4130011BDBE /* NSArray+Enumerable.m in Sources */,
				464D44E51C76EB150011BDBE /* SRASugarCRMRemoteService_NSURLConnection_Request.m in Sources */,
				464D44F81C7979F10011BDBE /* SRASugarCRMRemoteAuthenticationViewController.m in Sources */,
				461BB50D1C5990EA0044B714 /* SRASugarCRMOauthToken.m in Sources */,
				461BB4F71C5990A20044B714 /* AppDelegate.m in Sources */,
				461BB4F41C5990A20044B714 /* main.m in Sources */,
				461BB5101C5990F10044B714 /* SRASugarCRMRemoteService.m in Sources */,
				464D44DA1C76C5DD0011BDBE /* SRASugarCRMRemoteService_NSURLConnection.m in Sources */,
			);
			runOnlyForDeploymentPostprocessing = 0;
		};
		464D44E61C784DF90011BDBE /* Sources */ = {
			isa = PBXSourcesBuildPhase;
			buildActionMask = 2147483647;
			files = (
				464D44ED1C784DF90011BDBE /* SugarCRMRemoteAppTests.m in Sources */,
			);
			runOnlyForDeploymentPostprocessing = 0;
		};
/* End PBXSourcesBuildPhase section */

/* Begin PBXTargetDependency section */
		464D44F01C784DF90011BDBE /* PBXTargetDependency */ = {
			isa = PBXTargetDependency;
			target = 461BB4EE1C5990A20044B714 /* SugarCRMRemoteApp */;
			targetProxy = 464D44EF1C784DF90011BDBE /* PBXContainerItemProxy */;
		};
/* End PBXTargetDependency section */

/* Begin PBXVariantGroup section */
		461BB4FB1C5990A20044B714 /* Main.storyboard */ = {
			isa = PBXVariantGroup;
			children = (
				461BB4FC1C5990A20044B714 /* Base */,
			);
			name = Main.storyboard;
			sourceTree = "<group>";
		};
		461BB5001C5990A20044B714 /* LaunchScreen.storyboard */ = {
			isa = PBXVariantGroup;
			children = (
				461BB5011C5990A20044B714 /* Base */,
			);
			name = LaunchScreen.storyboard;
			sourceTree = "<group>";
		};
/* End PBXVariantGroup section */

/* Begin XCBuildConfiguration section */
		461BB5041C5990A20044B714 /* Debug */ = {
			isa = XCBuildConfiguration;
			buildSettings = {
				ALWAYS_SEARCH_USER_PATHS = NO;
				CLANG_CXX_LANGUAGE_STANDARD = "gnu++0x";
				CLANG_CXX_LIBRARY = "libc++";
				CLANG_ENABLE_MODULES = YES;
				CLANG_ENABLE_OBJC_ARC = YES;
				CLANG_WARN_BOOL_CONVERSION = YES;
				CLANG_WARN_CONSTANT_CONVERSION = YES;
				CLANG_WARN_DIRECT_OBJC_ISA_USAGE = YES_ERROR;
				CLANG_WARN_EMPTY_BODY = YES;
				CLANG_WARN_ENUM_CONVERSION = YES;
				CLANG_WARN_INT_CONVERSION = YES;
				CLANG_WARN_OBJC_ROOT_CLASS = YES_ERROR;
				CLANG_WARN_UNREACHABLE_CODE = YES;
				CLANG_WARN__DUPLICATE_METHOD_MATCH = YES;
				"CODE_SIGN_IDENTITY[sdk=iphoneos*]" = "iPhone Developer";
				COPY_PHASE_STRIP = NO;
				DEBUG_INFORMATION_FORMAT = dwarf;
				ENABLE_STRICT_OBJC_MSGSEND = YES;
				ENABLE_TESTABILITY = YES;
				GCC_C_LANGUAGE_STANDARD = gnu99;
				GCC_DYNAMIC_NO_PIC = NO;
				GCC_NO_COMMON_BLOCKS = YES;
				GCC_OPTIMIZATION_LEVEL = 0;
				GCC_PREPROCESSOR_DEFINITIONS = (
					"DEBUG=1",
					"$(inherited)",
				);
				GCC_WARN_64_TO_32_BIT_CONVERSION = YES;
				GCC_WARN_ABOUT_RETURN_TYPE = YES_ERROR;
				GCC_WARN_UNDECLARED_SELECTOR = YES;
				GCC_WARN_UNINITIALIZED_AUTOS = YES_AGGRESSIVE;
				GCC_WARN_UNUSED_FUNCTION = YES;
				GCC_WARN_UNUSED_VARIABLE = YES;
				IPHONEOS_DEPLOYMENT_TARGET = 9.2;
				MTL_ENABLE_DEBUG_INFO = YES;
				ONLY_ACTIVE_ARCH = YES;
				SDKROOT = iphoneos;
			};
			name = Debug;
		};
		461BB5051C5990A20044B714 /* Release */ = {
			isa = XCBuildConfiguration;
			buildSettings = {
				ALWAYS_SEARCH_USER_PATHS = NO;
				CLANG_CXX_LANGUAGE_STANDARD = "gnu++0x";
				CLANG_CXX_LIBRARY = "libc++";
				CLANG_ENABLE_MODULES = YES;
				CLANG_ENABLE_OBJC_ARC = YES;
				CLANG_WARN_BOOL_CONVERSION = YES;
				CLANG_WARN_CONSTANT_CONVERSION = YES;
				CLANG_WARN_DIRECT_OBJC_ISA_USAGE = YES_ERROR;
				CLANG_WARN_EMPTY_BODY = YES;
				CLANG_WARN_ENUM_CONVERSION = YES;
				CLANG_WARN_INT_CONVERSION = YES;
				CLANG_WARN_OBJC_ROOT_CLASS = YES_ERROR;
				CLANG_WARN_UNREACHABLE_CODE = YES;
				CLANG_WARN__DUPLICATE_METHOD_MATCH = YES;
				"CODE_SIGN_IDENTITY[sdk=iphoneos*]" = "iPhone Developer";
				COPY_PHASE_STRIP = NO;
				DEBUG_INFORMATION_FORMAT = "dwarf-with-dsym";
				ENABLE_NS_ASSERTIONS = NO;
				ENABLE_STRICT_OBJC_MSGSEND = YES;
				GCC_C_LANGUAGE_STANDARD = gnu99;
				GCC_NO_COMMON_BLOCKS = YES;
				GCC_WARN_64_TO_32_BIT_CONVERSION = YES;
				GCC_WARN_ABOUT_RETURN_TYPE = YES_ERROR;
				GCC_WARN_UNDECLARED_SELECTOR = YES;
				GCC_WARN_UNINITIALIZED_AUTOS = YES_AGGRESSIVE;
				GCC_WARN_UNUSED_FUNCTION = YES;
				GCC_WARN_UNUSED_VARIABLE = YES;
				IPHONEOS_DEPLOYMENT_TARGET = 9.2;
				MTL_ENABLE_DEBUG_INFO = NO;
				SDKROOT = iphoneos;
				VALIDATE_PRODUCT = YES;
			};
			name = Release;
		};
		461BB5071C5990A20044B714 /* Debug */ = {
			isa = XCBuildConfiguration;
			buildSettings = {
				ASSETCATALOG_COMPILER_APPICON_NAME = AppIcon;
				INFOPLIST_FILE = SugarCRMRemoteApp/Info.plist;
				LD_RUNPATH_SEARCH_PATHS = "$(inherited) @executable_path/Frameworks";
				PRODUCT_BUNDLE_IDENTIFIER = com.TheKiq.SugarCRMRemoteApp;
				PRODUCT_NAME = "$(TARGET_NAME)";
			};
			name = Debug;
		};
		461BB5081C5990A20044B714 /* Release */ = {
			isa = XCBuildConfiguration;
			buildSettings = {
				ASSETCATALOG_COMPILER_APPICON_NAME = AppIcon;
				INFOPLIST_FILE = SugarCRMRemoteApp/Info.plist;
				LD_RUNPATH_SEARCH_PATHS = "$(inherited) @executable_path/Frameworks";
				PRODUCT_BUNDLE_IDENTIFIER = com.TheKiq.SugarCRMRemoteApp;
				PRODUCT_NAME = "$(TARGET_NAME)";
			};
			name = Release;
		};
		464D44F21C784DF90011BDBE /* Debug */ = {
			isa = XCBuildConfiguration;
			buildSettings = {
				BUNDLE_LOADER = "$(TEST_HOST)";
				INFOPLIST_FILE = SugarCRMRemoteAppTests/Info.plist;
				LD_RUNPATH_SEARCH_PATHS = "$(inherited) @executable_path/Frameworks @loader_path/Frameworks";
				PRODUCT_BUNDLE_IDENTIFIER = com.TheKiq.SugarCRMRemoteAppTests;
				PRODUCT_NAME = "$(TARGET_NAME)";
				TEST_HOST = "$(BUILT_PRODUCTS_DIR)/SugarCRMRemoteApp.app/SugarCRMRemoteApp";
			};
			name = Debug;
		};
		464D44F31C784DF90011BDBE /* Release */ = {
			isa = XCBuildConfiguration;
			buildSettings = {
				BUNDLE_LOADER = "$(TEST_HOST)";
				INFOPLIST_FILE = SugarCRMRemoteAppTests/Info.plist;
				LD_RUNPATH_SEARCH_PATHS = "$(inherited) @executable_path/Frameworks @loader_path/Frameworks";
				PRODUCT_BUNDLE_IDENTIFIER = com.TheKiq.SugarCRMRemoteAppTests;
				PRODUCT_NAME = "$(TARGET_NAME)";
				TEST_HOST = "$(BUILT_PRODUCTS_DIR)/SugarCRMRemoteApp.app/SugarCRMRemoteApp";
			};
			name = Release;
		};
/* End XCBuildConfiguration section */

/* Begin XCConfigurationList section */
		461BB4EA1C5990A20044B714 /* Build configuration list for PBXProject "SugarCRMRemoteApp" */ = {
			isa = XCConfigurationList;
			buildConfigurations = (
				461BB5041C5990A20044B714 /* Debug */,
				461BB5051C5990A20044B714 /* Release */,
			);
			defaultConfigurationIsVisible = 0;
			defaultConfigurationName = Release;
		};
		461BB5061C5990A20044B714 /* Build configuration list for PBXNativeTarget "SugarCRMRemoteApp" */ = {
			isa = XCConfigurationList;
			buildConfigurations = (
				461BB5071C5990A20044B714 /* Debug */,
				461BB5081C5990A20044B714 /* Release */,
			);
			defaultConfigurationIsVisible = 0;
			defaultConfigurationName = Release;
		};
		464D44F11C784DF90011BDBE /* Build configuration list for PBXNativeTarget "SugarCRMRemoteAppTests" */ = {
			isa = XCConfigurationList;
			buildConfigurations = (
				464D44F21C784DF90011BDBE /* Debug */,
				464D44F31C784DF90011BDBE /* Release */,
			);
			defaultConfigurationIsVisible = 0;
		};
/* End XCConfigurationList section */
	};
	rootObject = 461BB4E71C5990A20044B714 /* Project object */;
}
